
Microsoft Visual Studio Solution File, Format Version 12.00
# Visual Studio Version 16
VisualStudioVersion = 16.0.30011.22
MinimumVisualStudioVersion = 10.0.40219.1
Project("{9A19103F-16F7-4668-BE54-9A1E7A4F7556}") = "Transport.Notes.EntityFramework", "Transport.Notes.EntityFramework\Transport.Notes.EntityFramework.csproj", "{A1434CBA-926D-44EC-A2EB-FE76A9096F48}"
EndProject
Project("{9A19103F-16F7-4668-BE54-9A1E7A4F7556}") = "Transport.Notes.Domain", "Transport.Notes.Domain\Transport.Notes.Domain.csproj", "{2568AF77-E1D2-438B-8657-3DDE8AA6FA49}"
EndProject
Project("{9A19103F-16F7-4668-BE54-9A1E7A4F7556}") = "Transport.Notes.WPF", "Transport.Notes.WPF\Transport.Notes.WPF.csproj", "{B4CD4E2D-4749-43EC-B975-48B54D12AE00}"
EndProject
Project("{FAE04EC0-301F-11D3-BF4B-00C04F79EFBC}") = "Transport.Notes.Tests", "Transport.Notes.Tests\Transport.Notes.Tests.csproj", "{D9597D45-E4CB-49AD-8984-2C5162A561DD}"
EndProject
Global
	GlobalSection(SolutionConfigurationPlatforms) = preSolution
		Debug|Any CPU = Debug|Any CPU
		Release|Any CPU = Release|Any CPU
	EndGlobalSection
	GlobalSection(ProjectConfigurationPlatforms) = postSolution
		{A1434CBA-926D-44EC-A2EB-FE76A9096F48}.Debug|Any CPU.ActiveCfg = Debug|Any CPU
		{A1434CBA-926D-44EC-A2EB-FE76A9096F48}.Debug|Any CPU.Build.0 = Debug|Any CPU
		{A1434CBA-926D-44EC-A2EB-FE76A9096F48}.Release|Any CPU.ActiveCfg = Release|Any CPU
		{A1434CBA-926D-44EC-A2EB-FE76A9096F48}.Release|Any CPU.Build.0 = Release|Any CPU
		{2568AF77-E1D2-438B-8657-3DDE8AA6FA49}.Debug|Any CPU.ActiveCfg = Debug|Any CPU
		{2568AF77-E1D2-438B-8657-3DDE8AA6FA49}.Debug|Any CPU.Build.0 = Debug|Any CPU
		{2568AF77-E1D2-438B-8657-3DDE8AA6FA49}.Release|Any CPU.ActiveCfg = Release|Any CPU
		{2568AF77-E1D2-438B-8657-3DDE8AA6FA49}.Release|Any CPU.Build.0 = Release|Any CPU
		{B4CD4E2D-4749-43EC-B975-48B54D12AE00}.Debug|Any CPU.ActiveCfg = Debug|Any CPU
		{B4CD4E2D-4749-43EC-B975-48B54D12AE00}.Debug|Any CPU.Build.0 = Debug|Any CPU
		{B4CD4E2D-4749-43EC-B975-48B54D12AE00}.Release|Any CPU.ActiveCfg = Release|Any CPU
		{B4CD4E2D-4749-43EC-B975-48B54D12AE00}.Release|Any CPU.Build.0 = Release|Any CPU
		{D9597D45-E4CB-49AD-8984-2C5162A561DD}.Debug|Any CPU.ActiveCfg = Debug|Any CPU
		{D9597D45-E4CB-49AD-8984-2C5162A561DD}.Debug|Any CPU.Build.0 = Debug|Any CPU
		{D9597D45-E4CB-49AD-8984-2C5162A561DD}.Release|Any CPU.ActiveCfg = Release|Any CPU
		{D9597D45-E4CB-49AD-8984-2C5162A561DD}.Release|Any CPU.Build.0 = Release|Any CPU
	EndGlobalSection
	GlobalSection(SolutionProperties) = preSolution
		HideSolutionNode = FALSE
	EndGlobalSection
	GlobalSection(ExtensibilityGlobals) = postSolution
		SolutionGuid = {24EB3E43-2257-4249-A4E8-D97E9839FA36}
	EndGlobalSection
EndGlobal
